
Microsoft Visual Studio Solution File, Format Version 12.00
# Visual Studio Version 17
VisualStudioVersion = 17.14.36429.23
MinimumVisualStudioVersion = 10.0.40219.1
Project("{FAE04EC0-301F-11D3-BF4B-00C04F79EFBC}") = "Intern", "Intern\Intern.csproj", "{79E5C320-DE4B-4FEB-B7CF-123F7E2435D4}"
EndProject
Project("{FAE04EC0-301F-11D3-BF4B-00C04F79EFBC}") = "Assignment-1", "Assignment-1\Assignment-1.csproj", "{C1B4B1F8-9F23-4759-B79E-5AE322404668}"
EndProject
Project("{FAE04EC0-301F-11D3-BF4B-00C04F79EFBC}") = "Assignment-2", "Assignment-2\Assignment-2.csproj", "{E51274EF-1A12-4C18-B03E-0C5F1451A091}"
EndProject
Project("{FAE04EC0-301F-11D3-BF4B-00C04F79EFBC}") = "Assignment-3", "Assignment-3\Assignment-3.csproj", "{CB05A578-A64A-4824-933D-CB876A78D574}"
EndProject
Project("{FAE04EC0-301F-11D3-BF4B-00C04F79EFBC}") = "Practice", "Practice\Practice.csproj", "{096FC8F0-2130-4C19-A490-A3FE0A990ABF}"
EndProject
Project("{FAE04EC0-301F-11D3-BF4B-00C04F79EFBC}") = "Assignment-4", "Assignment-4\Assignment-4.csproj", "{C6FE03C7-954D-4C18-AE8B-14D286426428}"
EndProject
Project("{FAE04EC0-301F-11D3-BF4B-00C04F79EFBC}") = "StringInterpolation", "StringInterpolation\StringInterpolation.csproj", "{9CCC6799-BB27-4AB2-B64D-7778914D2F8B}"
EndProject
Project("{FAE04EC0-301F-11D3-BF4B-00C04F79EFBC}") = "Assignment-5-Grade Calculator", "Assignment-5\Assignment-5-Grade Calculator.csproj", "{CCF55768-3158-4DC8-ACC1-53623780FD15}"
EndProject
Project("{FAE04EC0-301F-11D3-BF4B-00C04F79EFBC}") = "Assignment-5-Menu System", "Assignment-5-Menu System\Assignment-5-Menu System.csproj", "{F78ACCE1-B27F-425B-956D-D872B94672F8}"
EndProject
Project("{FAE04EC0-301F-11D3-BF4B-00C04F79EFBC}") = "Assignment-6-Mul Table", "Assignment-6-Mul Table\Assignment-6-Mul Table.csproj", "{0A88D735-CE3F-4F4E-896E-000BDDFD3EC9}"
EndProject
Project("{FAE04EC0-301F-11D3-BF4B-00C04F79EFBC}") = "Assignment-6-Num Guess game", "Assignment-6-Num Guess game\Assignment-6-Num Guess game.csproj", "{01783376-5426-4460-9B68-9BB52C83869B}"
EndProject
Global
	GlobalSection(SolutionConfigurationPlatforms) = preSolution
		Debug|Any CPU = Debug|Any CPU
		Release|Any CPU = Release|Any CPU
	EndGlobalSection
	GlobalSection(ProjectConfigurationPlatforms) = postSolution
		{79E5C320-DE4B-4FEB-B7CF-123F7E2435D4}.Debug|Any CPU.ActiveCfg = Debug|Any CPU
		{79E5C320-DE4B-4FEB-B7CF-123F7E2435D4}.Debug|Any CPU.Build.0 = Debug|Any CPU
		{79E5C320-DE4B-4FEB-B7CF-123F7E2435D4}.Release|Any CPU.ActiveCfg = Release|Any CPU
		{79E5C320-DE4B-4FEB-B7CF-123F7E2435D4}.Release|Any CPU.Build.0 = Release|Any CPU
		{C1B4B1F8-9F23-4759-B79E-5AE322404668}.Debug|Any CPU.ActiveCfg = Debug|Any CPU
		{C1B4B1F8-9F23-4759-B79E-5AE322404668}.Debug|Any CPU.Build.0 = Debug|Any CPU
		{C1B4B1F8-9F23-4759-B79E-5AE322404668}.Release|Any CPU.ActiveCfg = Release|Any CPU
		{C1B4B1F8-9F23-4759-B79E-5AE322404668}.Release|Any CPU.Build.0 = Release|Any CPU
		{E51274EF-1A12-4C18-B03E-0C5F1451A091}.Debug|Any CPU.ActiveCfg = Debug|Any CPU
		{E51274EF-1A12-4C18-B03E-0C5F1451A091}.Debug|Any CPU.Build.0 = Debug|Any CPU
		{E51274EF-1A12-4C18-B03E-0C5F1451A091}.Release|Any CPU.ActiveCfg = Release|Any CPU
		{E51274EF-1A12-4C18-B03E-0C5F1451A091}.Release|Any CPU.Build.0 = Release|Any CPU
		{CB05A578-A64A-4824-933D-CB876A78D574}.Debug|Any CPU.ActiveCfg = Debug|Any CPU
		{CB05A578-A64A-4824-933D-CB876A78D574}.Debug|Any CPU.Build.0 = Debug|Any CPU
		{CB05A578-A64A-4824-933D-CB876A78D574}.Release|Any CPU.ActiveCfg = Release|Any CPU
		{CB05A578-A64A-4824-933D-CB876A78D574}.Release|Any CPU.Build.0 = Release|Any CPU
		{096FC8F0-2130-4C19-A490-A3FE0A990ABF}.Debug|Any CPU.ActiveCfg = Debug|Any CPU
		{096FC8F0-2130-4C19-A490-A3FE0A990ABF}.Debug|Any CPU.Build.0 = Debug|Any CPU
		{096FC8F0-2130-4C19-A490-A3FE0A990ABF}.Release|Any CPU.ActiveCfg = Release|Any CPU
		{096FC8F0-2130-4C19-A490-A3FE0A990ABF}.Release|Any CPU.Build.0 = Release|Any CPU
		{C6FE03C7-954D-4C18-AE8B-14D286426428}.Debug|Any CPU.ActiveCfg = Debug|Any CPU
		{C6FE03C7-954D-4C18-AE8B-14D286426428}.Debug|Any CPU.Build.0 = Debug|Any CPU
		{C6FE03C7-954D-4C18-AE8B-14D286426428}.Release|Any CPU.ActiveCfg = Release|Any CPU
		{C6FE03C7-954D-4C18-AE8B-14D286426428}.Release|Any CPU.Build.0 = Release|Any CPU
		{9CCC6799-BB27-4AB2-B64D-7778914D2F8B}.Debug|Any CPU.ActiveCfg = Debug|Any CPU
		{9CCC6799-BB27-4AB2-B64D-7778914D2F8B}.Debug|Any CPU.Build.0 = Debug|Any CPU
		{9CCC6799-BB27-4AB2-B64D-7778914D2F8B}.Release|Any CPU.ActiveCfg = Release|Any CPU
		{9CCC6799-BB27-4AB2-B64D-7778914D2F8B}.Release|Any CPU.Build.0 = Release|Any CPU
		{CCF55768-3158-4DC8-ACC1-53623780FD15}.Debug|Any CPU.ActiveCfg = Debug|Any CPU
		{CCF55768-3158-4DC8-ACC1-53623780FD15}.Debug|Any CPU.Build.0 = Debug|Any CPU
		{CCF55768-3158-4DC8-ACC1-53623780FD15}.Release|Any CPU.ActiveCfg = Release|Any CPU
		{CCF55768-3158-4DC8-ACC1-53623780FD15}.Release|Any CPU.Build.0 = Release|Any CPU
		{F78ACCE1-B27F-425B-956D-D872B94672F8}.Debug|Any CPU.ActiveCfg = Debug|Any CPU
		{F78ACCE1-B27F-425B-956D-D872B94672F8}.Debug|Any CPU.Build.0 = Debug|Any CPU
		{F78ACCE1-B27F-425B-956D-D872B94672F8}.Release|Any CPU.ActiveCfg = Release|Any CPU
		{F78ACCE1-B27F-425B-956D-D872B94672F8}.Release|Any CPU.Build.0 = Release|Any CPU
		{0A88D735-CE3F-4F4E-896E-000BDDFD3EC9}.Debug|Any CPU.ActiveCfg = Debug|Any CPU
		{0A88D735-CE3F-4F4E-896E-000BDDFD3EC9}.Debug|Any CPU.Build.0 = Debug|Any CPU
		{0A88D735-CE3F-4F4E-896E-000BDDFD3EC9}.Release|Any CPU.ActiveCfg = Release|Any CPU
		{0A88D735-CE3F-4F4E-896E-000BDDFD3EC9}.Release|Any CPU.Build.0 = Release|Any CPU
		{01783376-5426-4460-9B68-9BB52C83869B}.Debug|Any CPU.ActiveCfg = Debug|Any CPU
		{01783376-5426-4460-9B68-9BB52C83869B}.Debug|Any CPU.Build.0 = Debug|Any CPU
		{01783376-5426-4460-9B68-9BB52C83869B}.Release|Any CPU.ActiveCfg = Release|Any CPU
		{01783376-5426-4460-9B68-9BB52C83869B}.Release|Any CPU.Build.0 = Release|Any CPU
	EndGlobalSection
	GlobalSection(SolutionProperties) = preSolution
		HideSolutionNode = FALSE
	EndGlobalSection
	GlobalSection(ExtensibilityGlobals) = postSolution
		SolutionGuid = {7913BE41-8ADD-403A-9B2A-989B330B84B8}
	EndGlobalSection
EndGlobal
