
Microsoft Visual Studio Solution File, Format Version 12.00
# Visual Studio Version 17
VisualStudioVersion = 17.14.36429.23
MinimumVisualStudioVersion = 10.0.40219.1
Project("{FAE04EC0-301F-11D3-BF4B-00C04F79EFBC}") = "Intern", "Intern\Intern.csproj", "{79E5C320-DE4B-4FEB-B7CF-123F7E2435D4}"
EndProject
Project("{FAE04EC0-301F-11D3-BF4B-00C04F79EFBC}") = "Assignment-1", "Assignment-1\Assignment-1.csproj", "{C1B4B1F8-9F23-4759-B79E-5AE322404668}"
EndProject
Project("{FAE04EC0-301F-11D3-BF4B-00C04F79EFBC}") = "Assignment-2", "Assignment-2\Assignment-2.csproj", "{E51274EF-1A12-4C18-B03E-0C5F1451A091}"
EndProject
Project("{FAE04EC0-301F-11D3-BF4B-00C04F79EFBC}") = "Assignment-3", "Assignment-3\Assignment-3.csproj", "{CB05A578-A64A-4824-933D-CB876A78D574}"
EndProject
Project("{FAE04EC0-301F-11D3-BF4B-00C04F79EFBC}") = "Practice", "Practice\Practice.csproj", "{096FC8F0-2130-4C19-A490-A3FE0A990ABF}"
EndProject
Project("{FAE04EC0-301F-11D3-BF4B-00C04F79EFBC}") = "Assignment-4", "Assignment-4\Assignment-4.csproj", "{C6FE03C7-954D-4C18-AE8B-14D286426428}"
EndProject
Project("{FAE04EC0-301F-11D3-BF4B-00C04F79EFBC}") = "StringInterpolation", "StringInterpolation\StringInterpolation.csproj", "{9CCC6799-BB27-4AB2-B64D-7778914D2F8B}"
EndProject
Project("{FAE04EC0-301F-11D3-BF4B-00C04F79EFBC}") = "Assignment-5-Grade Calculator", "Assignment-5\Assignment-5-Grade Calculator.csproj", "{CCF55768-3158-4DC8-ACC1-53623780FD15}"
EndProject
Project("{FAE04EC0-301F-11D3-BF4B-00C04F79EFBC}") = "Assignment-5-Menu System", "Assignment-5-Menu System\Assignment-5-Menu System.csproj", "{F78ACCE1-B27F-425B-956D-D872B94672F8}"
EndProject
Project("{FAE04EC0-301F-11D3-BF4B-00C04F79EFBC}") = "Assignment-6-Mul Table", "Assignment-6-Mul Table\Assignment-6-Mul Table.csproj", "{0A88D735-CE3F-4F4E-896E-000BDDFD3EC9}"
EndProject
Project("{FAE04EC0-301F-11D3-BF4B-00C04F79EFBC}") = "Assignment-6-Num Guess game", "Assignment-6-Num Guess game\Assignment-6-Num Guess game.csproj", "{01783376-5426-4460-9B68-9BB52C83869B}"
EndProject
Project("{FAE04EC0-301F-11D3-BF4B-00C04F79EFBC}") = "Assignment-5-Weekend Project", "Assignment-5-Weekend Project\Assignment-5-Weekend Project.csproj", "{955DD0DE-2BDD-4D52-B8D7-992494EEC53F}"
EndProject
Project("{FAE04EC0-301F-11D3-BF4B-00C04F79EFBC}") = "Assignment-6-Sumofeven1to100", "Assignment-6-Sumofeven1to100\Assignment-6-Sumofeven1to100.csproj", "{F3DFF567-80C6-4531-AC05-023F1CD7EC1D}"
EndProject
Project("{FAE04EC0-301F-11D3-BF4B-00C04F79EFBC}") = "Assignment-6-Bonus", "Assignment-6-Bonus\Assignment-6-Bonus.csproj", "{91178ACB-218F-408B-B838-7EE1400CC6C7}"
EndProject
Project("{FAE04EC0-301F-11D3-BF4B-00C04F79EFBC}") = "Assignment-7", "Assignment-7\Assignment-7.csproj", "{3DE32A6F-309A-4137-B5F2-D8EEEE19B54D}"
EndProject
Project("{FAE04EC0-301F-11D3-BF4B-00C04F79EFBC}") = "Break.Continu and Goto Statement", "Break.Continu and Goto Statement\Break.Continu and Goto Statement.csproj", "{713EC73D-D95C-4E9B-9C20-44AD939A18D8}"
EndProject
Project("{FAE04EC0-301F-11D3-BF4B-00C04F79EFBC}") = "Assignment-8-Math Utilities", "Assignment-8-Math Utilities\Assignment-8-Math Utilities.csproj", "{15045C7E-EB81-4CE3-A6BD-06BF9DF9330C}"
EndProject
Project("{FAE04EC0-301F-11D3-BF4B-00C04F79EFBC}") = "Assignment-8-Modular Calculator", "Assignment-8-Modular Calculator\Assignment-8-Modular Calculator.csproj", "{749E9A3E-5DD0-4FD5-9F6C-1A8D4EB9734A}"
EndProject
Project("{FAE04EC0-301F-11D3-BF4B-00C04F79EFBC}") = "Assignment-9", "Assignment-9\Assignment-9.csproj", "{7222AB0B-0D46-41AB-AF5C-52FE6D9ED883}"
EndProject
Project("{FAE04EC0-301F-11D3-BF4B-00C04F79EFBC}") = "Method Documentation With XML Comment", "Method Documentation With XML Comment\Method Documentation With XML Comment.csproj", "{DB161466-F45A-4BA4-A60F-AEDDE63A6111}"
EndProject
Project("{FAE04EC0-301F-11D3-BF4B-00C04F79EFBC}") = "Assignment-7-Refactored", "Assignment-7-Refactored\Assignment-7-Refactored.csproj", "{CC5C8443-A295-4141-BC00-A736117DE42C}"
EndProject
Project("{FAE04EC0-301F-11D3-BF4B-00C04F79EFBC}") = "Assignment-10", "Assignment-10\Assignment-10.csproj", "{35484C44-E9E8-4AFB-BDF3-E3209ABBE04B}"
EndProject
Project("{FAE04EC0-301F-11D3-BF4B-00C04F79EFBC}") = "Assignment 11-Car Details", "Assignment 11\Assignment 11-Car Details.csproj", "{347A74EA-DC35-4E82-A764-D941B33A4110}"
EndProject
Project("{FAE04EC0-301F-11D3-BF4B-00C04F79EFBC}") = "Assignment 11- Car Details", "Assignment 11- Car Details\Assignment 11- Car Details.csproj", "{1DFD10FD-6728-4306-ABE4-D23814FA6DDC}"
EndProject
Project("{FAE04EC0-301F-11D3-BF4B-00C04F79EFBC}") = "Assignment-11 Car Details", "Assignment-11 Car Details\Assignment-11 Car Details.csproj", "{AA575C7E-10B1-4B84-BDB1-61427F34BDCD}"
EndProject
Project("{FAE04EC0-301F-11D3-BF4B-00C04F79EFBC}") = "Assignment-11-Book Details", "Assignment-11-Book Details\Assignment-11-Book Details.csproj", "{02338083-6365-4B0C-968B-9120CA04E480}"
EndProject
Global
	GlobalSection(SolutionConfigurationPlatforms) = preSolution
		Debug|Any CPU = Debug|Any CPU
		Release|Any CPU = Release|Any CPU
	EndGlobalSection
	GlobalSection(ProjectConfigurationPlatforms) = postSolution
		{79E5C320-DE4B-4FEB-B7CF-123F7E2435D4}.Debug|Any CPU.ActiveCfg = Debug|Any CPU
		{79E5C320-DE4B-4FEB-B7CF-123F7E2435D4}.Debug|Any CPU.Build.0 = Debug|Any CPU
		{79E5C320-DE4B-4FEB-B7CF-123F7E2435D4}.Release|Any CPU.ActiveCfg = Release|Any CPU
		{79E5C320-DE4B-4FEB-B7CF-123F7E2435D4}.Release|Any CPU.Build.0 = Release|Any CPU
		{C1B4B1F8-9F23-4759-B79E-5AE322404668}.Debug|Any CPU.ActiveCfg = Debug|Any CPU
		{C1B4B1F8-9F23-4759-B79E-5AE322404668}.Debug|Any CPU.Build.0 = Debug|Any CPU
		{C1B4B1F8-9F23-4759-B79E-5AE322404668}.Release|Any CPU.ActiveCfg = Release|Any CPU
		{C1B4B1F8-9F23-4759-B79E-5AE322404668}.Release|Any CPU.Build.0 = Release|Any CPU
		{E51274EF-1A12-4C18-B03E-0C5F1451A091}.Debug|Any CPU.ActiveCfg = Debug|Any CPU
		{E51274EF-1A12-4C18-B03E-0C5F1451A091}.Debug|Any CPU.Build.0 = Debug|Any CPU
		{E51274EF-1A12-4C18-B03E-0C5F1451A091}.Release|Any CPU.ActiveCfg = Release|Any CPU
		{E51274EF-1A12-4C18-B03E-0C5F1451A091}.Release|Any CPU.Build.0 = Release|Any CPU
		{CB05A578-A64A-4824-933D-CB876A78D574}.Debug|Any CPU.ActiveCfg = Debug|Any CPU
		{CB05A578-A64A-4824-933D-CB876A78D574}.Debug|Any CPU.Build.0 = Debug|Any CPU
		{CB05A578-A64A-4824-933D-CB876A78D574}.Release|Any CPU.ActiveCfg = Release|Any CPU
		{CB05A578-A64A-4824-933D-CB876A78D574}.Release|Any CPU.Build.0 = Release|Any CPU
		{096FC8F0-2130-4C19-A490-A3FE0A990ABF}.Debug|Any CPU.ActiveCfg = Debug|Any CPU
		{096FC8F0-2130-4C19-A490-A3FE0A990ABF}.Debug|Any CPU.Build.0 = Debug|Any CPU
		{096FC8F0-2130-4C19-A490-A3FE0A990ABF}.Release|Any CPU.ActiveCfg = Release|Any CPU
		{096FC8F0-2130-4C19-A490-A3FE0A990ABF}.Release|Any CPU.Build.0 = Release|Any CPU
		{C6FE03C7-954D-4C18-AE8B-14D286426428}.Debug|Any CPU.ActiveCfg = Debug|Any CPU
		{C6FE03C7-954D-4C18-AE8B-14D286426428}.Debug|Any CPU.Build.0 = Debug|Any CPU
		{C6FE03C7-954D-4C18-AE8B-14D286426428}.Release|Any CPU.ActiveCfg = Release|Any CPU
		{C6FE03C7-954D-4C18-AE8B-14D286426428}.Release|Any CPU.Build.0 = Release|Any CPU
		{9CCC6799-BB27-4AB2-B64D-7778914D2F8B}.Debug|Any CPU.ActiveCfg = Debug|Any CPU
		{9CCC6799-BB27-4AB2-B64D-7778914D2F8B}.Debug|Any CPU.Build.0 = Debug|Any CPU
		{9CCC6799-BB27-4AB2-B64D-7778914D2F8B}.Release|Any CPU.ActiveCfg = Release|Any CPU
		{9CCC6799-BB27-4AB2-B64D-7778914D2F8B}.Release|Any CPU.Build.0 = Release|Any CPU
		{CCF55768-3158-4DC8-ACC1-53623780FD15}.Debug|Any CPU.ActiveCfg = Debug|Any CPU
		{CCF55768-3158-4DC8-ACC1-53623780FD15}.Debug|Any CPU.Build.0 = Debug|Any CPU
		{CCF55768-3158-4DC8-ACC1-53623780FD15}.Release|Any CPU.ActiveCfg = Release|Any CPU
		{CCF55768-3158-4DC8-ACC1-53623780FD15}.Release|Any CPU.Build.0 = Release|Any CPU
		{F78ACCE1-B27F-425B-956D-D872B94672F8}.Debug|Any CPU.ActiveCfg = Debug|Any CPU
		{F78ACCE1-B27F-425B-956D-D872B94672F8}.Debug|Any CPU.Build.0 = Debug|Any CPU
		{F78ACCE1-B27F-425B-956D-D872B94672F8}.Release|Any CPU.ActiveCfg = Release|Any CPU
		{F78ACCE1-B27F-425B-956D-D872B94672F8}.Release|Any CPU.Build.0 = Release|Any CPU
		{0A88D735-CE3F-4F4E-896E-000BDDFD3EC9}.Debug|Any CPU.ActiveCfg = Debug|Any CPU
		{0A88D735-CE3F-4F4E-896E-000BDDFD3EC9}.Debug|Any CPU.Build.0 = Debug|Any CPU
		{0A88D735-CE3F-4F4E-896E-000BDDFD3EC9}.Release|Any CPU.ActiveCfg = Release|Any CPU
		{0A88D735-CE3F-4F4E-896E-000BDDFD3EC9}.Release|Any CPU.Build.0 = Release|Any CPU
		{01783376-5426-4460-9B68-9BB52C83869B}.Debug|Any CPU.ActiveCfg = Debug|Any CPU
		{01783376-5426-4460-9B68-9BB52C83869B}.Debug|Any CPU.Build.0 = Debug|Any CPU
		{01783376-5426-4460-9B68-9BB52C83869B}.Release|Any CPU.ActiveCfg = Release|Any CPU
		{01783376-5426-4460-9B68-9BB52C83869B}.Release|Any CPU.Build.0 = Release|Any CPU
		{955DD0DE-2BDD-4D52-B8D7-992494EEC53F}.Debug|Any CPU.ActiveCfg = Debug|Any CPU
		{955DD0DE-2BDD-4D52-B8D7-992494EEC53F}.Debug|Any CPU.Build.0 = Debug|Any CPU
		{955DD0DE-2BDD-4D52-B8D7-992494EEC53F}.Release|Any CPU.ActiveCfg = Release|Any CPU
		{955DD0DE-2BDD-4D52-B8D7-992494EEC53F}.Release|Any CPU.Build.0 = Release|Any CPU
		{F3DFF567-80C6-4531-AC05-023F1CD7EC1D}.Debug|Any CPU.ActiveCfg = Debug|Any CPU
		{F3DFF567-80C6-4531-AC05-023F1CD7EC1D}.Debug|Any CPU.Build.0 = Debug|Any CPU
		{F3DFF567-80C6-4531-AC05-023F1CD7EC1D}.Release|Any CPU.ActiveCfg = Release|Any CPU
		{F3DFF567-80C6-4531-AC05-023F1CD7EC1D}.Release|Any CPU.Build.0 = Release|Any CPU
		{91178ACB-218F-408B-B838-7EE1400CC6C7}.Debug|Any CPU.ActiveCfg = Debug|Any CPU
		{91178ACB-218F-408B-B838-7EE1400CC6C7}.Debug|Any CPU.Build.0 = Debug|Any CPU
		{91178ACB-218F-408B-B838-7EE1400CC6C7}.Release|Any CPU.ActiveCfg = Release|Any CPU
		{91178ACB-218F-408B-B838-7EE1400CC6C7}.Release|Any CPU.Build.0 = Release|Any CPU
		{3DE32A6F-309A-4137-B5F2-D8EEEE19B54D}.Debug|Any CPU.ActiveCfg = Debug|Any CPU
		{3DE32A6F-309A-4137-B5F2-D8EEEE19B54D}.Debug|Any CPU.Build.0 = Debug|Any CPU
		{3DE32A6F-309A-4137-B5F2-D8EEEE19B54D}.Release|Any CPU.ActiveCfg = Release|Any CPU
		{3DE32A6F-309A-4137-B5F2-D8EEEE19B54D}.Release|Any CPU.Build.0 = Release|Any CPU
		{713EC73D-D95C-4E9B-9C20-44AD939A18D8}.Debug|Any CPU.ActiveCfg = Debug|Any CPU
		{713EC73D-D95C-4E9B-9C20-44AD939A18D8}.Debug|Any CPU.Build.0 = Debug|Any CPU
		{713EC73D-D95C-4E9B-9C20-44AD939A18D8}.Release|Any CPU.ActiveCfg = Release|Any CPU
		{713EC73D-D95C-4E9B-9C20-44AD939A18D8}.Release|Any CPU.Build.0 = Release|Any CPU
		{15045C7E-EB81-4CE3-A6BD-06BF9DF9330C}.Debug|Any CPU.ActiveCfg = Debug|Any CPU
		{15045C7E-EB81-4CE3-A6BD-06BF9DF9330C}.Debug|Any CPU.Build.0 = Debug|Any CPU
		{15045C7E-EB81-4CE3-A6BD-06BF9DF9330C}.Release|Any CPU.ActiveCfg = Release|Any CPU
		{15045C7E-EB81-4CE3-A6BD-06BF9DF9330C}.Release|Any CPU.Build.0 = Release|Any CPU
		{749E9A3E-5DD0-4FD5-9F6C-1A8D4EB9734A}.Debug|Any CPU.ActiveCfg = Debug|Any CPU
		{749E9A3E-5DD0-4FD5-9F6C-1A8D4EB9734A}.Debug|Any CPU.Build.0 = Debug|Any CPU
		{749E9A3E-5DD0-4FD5-9F6C-1A8D4EB9734A}.Release|Any CPU.ActiveCfg = Release|Any CPU
		{749E9A3E-5DD0-4FD5-9F6C-1A8D4EB9734A}.Release|Any CPU.Build.0 = Release|Any CPU
		{7222AB0B-0D46-41AB-AF5C-52FE6D9ED883}.Debug|Any CPU.ActiveCfg = Debug|Any CPU
		{7222AB0B-0D46-41AB-AF5C-52FE6D9ED883}.Debug|Any CPU.Build.0 = Debug|Any CPU
		{7222AB0B-0D46-41AB-AF5C-52FE6D9ED883}.Release|Any CPU.ActiveCfg = Release|Any CPU
		{7222AB0B-0D46-41AB-AF5C-52FE6D9ED883}.Release|Any CPU.Build.0 = Release|Any CPU
		{DB161466-F45A-4BA4-A60F-AEDDE63A6111}.Debug|Any CPU.ActiveCfg = Debug|Any CPU
		{DB161466-F45A-4BA4-A60F-AEDDE63A6111}.Debug|Any CPU.Build.0 = Debug|Any CPU
		{DB161466-F45A-4BA4-A60F-AEDDE63A6111}.Release|Any CPU.ActiveCfg = Release|Any CPU
		{DB161466-F45A-4BA4-A60F-AEDDE63A6111}.Release|Any CPU.Build.0 = Release|Any CPU
		{CC5C8443-A295-4141-BC00-A736117DE42C}.Debug|Any CPU.ActiveCfg = Debug|Any CPU
		{CC5C8443-A295-4141-BC00-A736117DE42C}.Debug|Any CPU.Build.0 = Debug|Any CPU
		{CC5C8443-A295-4141-BC00-A736117DE42C}.Release|Any CPU.ActiveCfg = Release|Any CPU
		{CC5C8443-A295-4141-BC00-A736117DE42C}.Release|Any CPU.Build.0 = Release|Any CPU
		{35484C44-E9E8-4AFB-BDF3-E3209ABBE04B}.Debug|Any CPU.ActiveCfg = Debug|Any CPU
		{35484C44-E9E8-4AFB-BDF3-E3209ABBE04B}.Debug|Any CPU.Build.0 = Debug|Any CPU
		{35484C44-E9E8-4AFB-BDF3-E3209ABBE04B}.Release|Any CPU.ActiveCfg = Release|Any CPU
		{35484C44-E9E8-4AFB-BDF3-E3209ABBE04B}.Release|Any CPU.Build.0 = Release|Any CPU
		{347A74EA-DC35-4E82-A764-D941B33A4110}.Debug|Any CPU.ActiveCfg = Debug|Any CPU
		{347A74EA-DC35-4E82-A764-D941B33A4110}.Debug|Any CPU.Build.0 = Debug|Any CPU
		{347A74EA-DC35-4E82-A764-D941B33A4110}.Release|Any CPU.ActiveCfg = Release|Any CPU
		{347A74EA-DC35-4E82-A764-D941B33A4110}.Release|Any CPU.Build.0 = Release|Any CPU
		{1DFD10FD-6728-4306-ABE4-D23814FA6DDC}.Debug|Any CPU.ActiveCfg = Debug|Any CPU
		{1DFD10FD-6728-4306-ABE4-D23814FA6DDC}.Debug|Any CPU.Build.0 = Debug|Any CPU
		{1DFD10FD-6728-4306-ABE4-D23814FA6DDC}.Release|Any CPU.ActiveCfg = Release|Any CPU
		{1DFD10FD-6728-4306-ABE4-D23814FA6DDC}.Release|Any CPU.Build.0 = Release|Any CPU
		{AA575C7E-10B1-4B84-BDB1-61427F34BDCD}.Debug|Any CPU.ActiveCfg = Debug|Any CPU
		{AA575C7E-10B1-4B84-BDB1-61427F34BDCD}.Debug|Any CPU.Build.0 = Debug|Any CPU
		{AA575C7E-10B1-4B84-BDB1-61427F34BDCD}.Release|Any CPU.ActiveCfg = Release|Any CPU
		{AA575C7E-10B1-4B84-BDB1-61427F34BDCD}.Release|Any CPU.Build.0 = Release|Any CPU
		{02338083-6365-4B0C-968B-9120CA04E480}.Debug|Any CPU.ActiveCfg = Debug|Any CPU
		{02338083-6365-4B0C-968B-9120CA04E480}.Debug|Any CPU.Build.0 = Debug|Any CPU
		{02338083-6365-4B0C-968B-9120CA04E480}.Release|Any CPU.ActiveCfg = Release|Any CPU
		{02338083-6365-4B0C-968B-9120CA04E480}.Release|Any CPU.Build.0 = Release|Any CPU
	EndGlobalSection
	GlobalSection(SolutionProperties) = preSolution
		HideSolutionNode = FALSE
	EndGlobalSection
	GlobalSection(ExtensibilityGlobals) = postSolution
		SolutionGuid = {7913BE41-8ADD-403A-9B2A-989B330B84B8}
	EndGlobalSection
EndGlobal
